<?xml version="1.0" encoding="utf-8"?>
<Project ToolsVersion="4.0" xmlns="http://schemas.microsoft.com/developer/msbuild/2003">
  <ItemGroup>
    <Filter Include="소스 파일">
      <UniqueIdentifier>{4FC737F1-C7A5-4376-A066-2A32D752A2FF}</UniqueIdentifier>
      <Extensions>cpp;c;cc;cxx;c++;cppm;ixx;def;odl;idl;hpj;bat;asm;asmx</Extensions>
    </Filter>
    <Filter Include="헤더 파일">
      <UniqueIdentifier>{93995380-89BD-4b04-88EB-625FBE52EBFB}</UniqueIdentifier>
      <Extensions>h;hh;hpp;hxx;h++;hm;inl;inc;ipp;xsd</Extensions>
    </Filter>
    <Filter Include="리소스 파일">
      <UniqueIdentifier>{67DA6AB6-F800-4c08-8B7A-83BB121AAD01}</UniqueIdentifier>
      <Extensions>rc;ico;cur;bmp;dlg;rc2;rct;bin;rgs;gif;jpg;jpeg;jpe;resx;tiff;tif;png;wav;mfcribbon-ms</Extensions>
    </Filter>
    <Filter Include="ImGui">
      <UniqueIdentifier>{95c86563-6dda-4b0e-8302-b9fdaeb7eff8}</UniqueIdentifier>
    </Filter>
    <Filter Include="Shaders">
      <UniqueIdentifier>{42636267-b352-4e2f-841e-c902c3063a0a}</UniqueIdentifier>
    </Filter>
  </ItemGroup>
  <ItemGroup>
    <ClInclude Include="UManager.h">
      <Filter>헤더 파일</Filter>
    </ClInclude>
    <ClInclude Include="datatype.h">
      <Filter>헤더 파일</Filter>
    </ClInclude>
    <ClInclude Include="Probe.h">
      <Filter>헤더 파일</Filter>
    </ClInclude>
    <ClInclude Include="UPrimitive.h">
      <Filter>헤더 파일</Filter>
    </ClInclude>
    <ClInclude Include="URenderer.h">
      <Filter>헤더 파일</Filter>
    </ClInclude>
    <ClInclude Include="USphere.h">
      <Filter>헤더 파일</Filter>
    </ClInclude>
    <ClInclude Include="PlayerInput.h">
      <Filter>헤더 파일</Filter>
    </ClInclude>
    <ClInclude Include="USoundManager.h">
      <Filter>헤더 파일</Filter>
    </ClInclude>
    <ClInclude Include="UIManager.h">
      <Filter>헤더 파일</Filter>
    </ClInclude>
    <ClInclude Include="UIFrame.h">
      <Filter>헤더 파일</Filter>
    </ClInclude>
    <ClInclude Include="BootState.h">
      <Filter>헤더 파일</Filter>
    </ClInclude>
    <ClInclude Include="EndingState.h">
      <Filter>헤더 파일</Filter>
    </ClInclude>
    <ClInclude Include="InGameReadyState.h">
      <Filter>헤더 파일</Filter>
    </ClInclude>
    <ClInclude Include="InGameRunState.h">
      <Filter>헤더 파일</Filter>
    </ClInclude>
    <ClInclude Include="LoadingState.h">
      <Filter>헤더 파일</Filter>
    </ClInclude>
    <ClInclude Include="MainState.h">
      <Filter>헤더 파일</Filter>
    </ClInclude>
    <ClInclude Include="ExampleState.h">
      <Filter>헤더 파일</Filter>
    </ClInclude>
    <ClInclude Include="ExampleStateManager.h">
      <Filter>헤더 파일</Filter>
    </ClInclude>
    <ClInclude Include="StageSelectionState.h">
      <Filter>헤더 파일</Filter>
    </ClInclude>
    <ClInclude Include="StateMachine.h">
      <Filter>헤더 파일</Filter>
    </ClInclude>
    <ClInclude Include="UResourceManager.h">
      <Filter>헤더 파일</Filter>
    </ClInclude>
    <ClInclude Include="UPlanetPlacementManager.h">
      <Filter>헤더 파일</Filter>
    </ClInclude>
    <ClInclude Include="ImGui\imconfig.h">
      <Filter>ImGui</Filter>
    </ClInclude>
    <ClInclude Include="ImGui\imgui.h">
      <Filter>ImGui</Filter>
    </ClInclude>
    <ClInclude Include="ImGui\imgui_impl_dx11.h">
      <Filter>ImGui</Filter>
    </ClInclude>
    <ClInclude Include="ImGui\imgui_impl_win32.h">
      <Filter>ImGui</Filter>
    </ClInclude>
    <ClInclude Include="ImGui\imgui_internal.h">
      <Filter>ImGui</Filter>
    </ClInclude>
    <ClInclude Include="ImGui\imstb_rectpack.h">
      <Filter>ImGui</Filter>
    </ClInclude>
    <ClInclude Include="ImGui\imstb_textedit.h">
      <Filter>ImGui</Filter>
    </ClInclude>
    <ClInclude Include="ImGui\imstb_truetype.h">
      <Filter>ImGui</Filter>
    </ClInclude>
    <ClInclude Include="WICTextureLoader\DirectXHelpers.h">
      <Filter>헤더 파일</Filter>
    </ClInclude>
    <ClInclude Include="WICTextureLoader\LoaderHelpers.h">
      <Filter>헤더 파일</Filter>
    </ClInclude>
    <ClInclude Include="WICTextureLoader\pch.h">
      <Filter>헤더 파일</Filter>
    </ClInclude>
    <ClInclude Include="WICTextureLoader\PlatformHelpers.h">
      <Filter>헤더 파일</Filter>
    </ClInclude>
    <ClInclude Include="WICTextureLoader\WICTextureLoader.h">
      <Filter>헤더 파일</Filter>
    </ClInclude>
    <ClInclude Include="Goal.h">
      <Filter>헤더 파일</Filter>
    </ClInclude>
    <ClInclude Include="Trail.h">
      <Filter>헤더 파일</Filter>
    </ClInclude>
  </ItemGroup>
  <ItemGroup>
    <ClCompile Include="UManager.cpp">
      <Filter>소스 파일</Filter>
    </ClCompile>
    <ClCompile Include="main.cpp">
      <Filter>소스 파일</Filter>
    </ClCompile>
    <ClCompile Include="Probe.cpp">
      <Filter>소스 파일</Filter>
    </ClCompile>
    <ClCompile Include="UPrimitive.cpp">
      <Filter>소스 파일</Filter>
    </ClCompile>
    <ClCompile Include="URenderer.cpp">
      <Filter>소스 파일</Filter>
    </ClCompile>
    <ClCompile Include="USphere.cpp">
      <Filter>소스 파일</Filter>
    </ClCompile>
    <ClCompile Include="PlayerInput.cpp">
      <Filter>소스 파일</Filter>
    </ClCompile>
    <ClCompile Include="USoundManager.cpp">
      <Filter>소스 파일</Filter>
    </ClCompile>
    <ClCompile Include="UIManager.cpp">
      <Filter>소스 파일</Filter>
    </ClCompile>
    <ClCompile Include="UIFrame.cpp">
      <Filter>소스 파일</Filter>
    </ClCompile>
    <ClCompile Include="BootState.cpp">
      <Filter>소스 파일</Filter>
    </ClCompile>
    <ClCompile Include="EndingState.cpp">
      <Filter>소스 파일</Filter>
    </ClCompile>
    <ClCompile Include="InGameReadyState.cpp">
      <Filter>소스 파일</Filter>
    </ClCompile>
    <ClCompile Include="InGameRunState.cpp">
      <Filter>소스 파일</Filter>
    </ClCompile>
    <ClCompile Include="LoadingState.cpp">
      <Filter>소스 파일</Filter>
    </ClCompile>
    <ClCompile Include="MainState.cpp">
      <Filter>소스 파일</Filter>
    </ClCompile>
    <ClCompile Include="ExampleState.cpp">
      <Filter>소스 파일</Filter>
    </ClCompile>
    <ClCompile Include="ExampleStateManager.cpp">
      <Filter>소스 파일</Filter>
    </ClCompile>
    <ClCompile Include="StageSelectionState.cpp">
      <Filter>소스 파일</Filter>
    </ClCompile>
    <ClCompile Include="StateMachine.cpp">
      <Filter>소스 파일</Filter>
    </ClCompile>
    <ClCompile Include="UResourceManager.cpp">
      <Filter>소스 파일</Filter>
    </ClCompile>
    <ClCompile Include="UPlanetPlacementManager.cpp">
      <Filter>소스 파일</Filter>
    </ClCompile>
    <ClCompile Include="ImGui\imgui.cpp">
      <Filter>ImGui</Filter>
    </ClCompile>
    <ClCompile Include="ImGui\imgui_demo.cpp">
      <Filter>ImGui</Filter>
    </ClCompile>
    <ClCompile Include="ImGui\imgui_draw.cpp">
      <Filter>ImGui</Filter>
    </ClCompile>
    <ClCompile Include="ImGui\imgui_impl_dx11.cpp">
      <Filter>ImGui</Filter>
    </ClCompile>
    <ClCompile Include="ImGui\imgui_impl_win32.cpp">
      <Filter>ImGui</Filter>
    </ClCompile>
    <ClCompile Include="ImGui\imgui_tables.cpp">
      <Filter>ImGui</Filter>
    </ClCompile>
    <ClCompile Include="ImGui\imgui_widgets.cpp">
      <Filter>ImGui</Filter>
    </ClCompile>
    <ClCompile Include="WICTextureLoader\DirectXHelpers.cpp">
      <Filter>소스 파일</Filter>
    </ClCompile>
    <ClCompile Include="WICTextureLoader\pch.cpp">
      <Filter>소스 파일</Filter>
    </ClCompile>
    <ClCompile Include="WICTextureLoader\WICTextureLoader.cpp">
      <Filter>소스 파일</Filter>
    </ClCompile>
    <ClCompile Include="IState.h">
      <Filter>헤더 파일</Filter>
    </ClCompile>
    <ClCompile Include="Goal.cpp">
      <Filter>소스 파일</Filter>
    </ClCompile>
    <ClCompile Include="Trail.cpp">
      <Filter>소스 파일</Filter>
    </ClCompile>
  </ItemGroup>
  <ItemGroup>
    <FxCompile Include="ShaderW0.hlsl">
      <Filter>Shaders</Filter>
    </FxCompile>
  </ItemGroup>
</Project>